
Microsoft Visual Studio Solution File, Format Version 12.00
Project("{FAE04EC0-301F-11D3-BF4B-00C04F79EFBC}") = "Anivia", "Anivia\Anivia.csproj", "{6A3B60B8-C38E-4DDF-AC33-2E972617E7AE}"
EndProject
Project("{FAE04EC0-301F-11D3-BF4B-00C04F79EFBC}") = "Victoria", "Victoria\src\Victoria.csproj", "{5F7CA317-2755-4CEE-B37E-32A18BD385BA}"
EndProject
Project("{2150E333-8FDC-42A3-9474-1A3956D46DE8}") = "Solution Items", "Solution Items", "{1D214165-AA4C-4616-BBC7-12C13AA968D0}"
	ProjectSection(SolutionItems) = preProject
		Dockerfile = Dockerfile
	EndProjectSection
EndProject
Global
	GlobalSection(SolutionConfigurationPlatforms) = preSolution
		Debug|Any CPU = Debug|Any CPU
		Release|Any CPU = Release|Any CPU
	EndGlobalSection
	GlobalSection(ProjectConfigurationPlatforms) = postSolution
		{6A3B60B8-C38E-4DDF-AC33-2E972617E7AE}.Debug|Any CPU.ActiveCfg = Debug|Any CPU
		{6A3B60B8-C38E-4DDF-AC33-2E972617E7AE}.Debug|Any CPU.Build.0 = Debug|Any CPU
		{6A3B60B8-C38E-4DDF-AC33-2E972617E7AE}.Release|Any CPU.ActiveCfg = Release|Any CPU
		{6A3B60B8-C38E-4DDF-AC33-2E972617E7AE}.Release|Any CPU.Build.0 = Release|Any CPU
		{5F7CA317-2755-4CEE-B37E-32A18BD385BA}.Debug|Any CPU.ActiveCfg = Debug|Any CPU
		{5F7CA317-2755-4CEE-B37E-32A18BD385BA}.Debug|Any CPU.Build.0 = Debug|Any CPU
		{5F7CA317-2755-4CEE-B37E-32A18BD385BA}.Release|Any CPU.ActiveCfg = Release|Any CPU
		{5F7CA317-2755-4CEE-B37E-32A18BD385BA}.Release|Any CPU.Build.0 = Release|Any CPU
	EndGlobalSection
	GlobalSection(NestedProjects) = preSolution
	EndGlobalSection
EndGlobal
